
Microsoft Visual Studio Solution File, Format Version 12.00
# Visual Studio Version 16
VisualStudioVersion = 16.0.28803.156
MinimumVisualStudioVersion = 10.0.40219.1
Project("{FAE04EC0-301F-11D3-BF4B-00C04F79EFBC}") = "UtilityApp", "UtilityApp\UtilityApp.csproj", "{AB8A3C24-64DF-4A49-99E1-E46EBC5261F3}"
EndProject
Global
	GlobalSection(SolutionConfigurationPlatforms) = preSolution
		Debug|Any CPU = Debug|Any CPU
		Release|Any CPU = Release|Any CPU
	EndGlobalSection
	GlobalSection(ProjectConfigurationPlatforms) = postSolution
		{AB8A3C24-64DF-4A49-99E1-E46EBC5261F3}.Debug|Any CPU.ActiveCfg = Debug|Any CPU
		{AB8A3C24-64DF-4A49-99E1-E46EBC5261F3}.Debug|Any CPU.Build.0 = Debug|Any CPU
		{AB8A3C24-64DF-4A49-99E1-E46EBC5261F3}.Release|Any CPU.ActiveCfg = Release|Any CPU
		{AB8A3C24-64DF-4A49-99E1-E46EBC5261F3}.Release|Any CPU.Build.0 = Release|Any CPU
	EndGlobalSection
	GlobalSection(SolutionProperties) = preSolution
		HideSolutionNode = FALSE
	EndGlobalSection
	GlobalSection(ExtensibilityGlobals) = postSolution
		SolutionGuid = {1A8175AB-E907-45B7-8252-D39DF76F94BD}
	EndGlobalSection
EndGlobal
